
Microsoft Visual Studio Solution File, Format Version 12.00
# Visual Studio 15
VisualStudioVersion = 15.0.28307.572
MinimumVisualStudioVersion = 10.0.40219.1
Project("{FAE04EC0-301F-11D3-BF4B-00C04F79EFBC}") = "Dyndle.Tools.Core", "Dyndle.Tools.Core\Dyndle.Tools.Core.csproj", "{CE5030ED-9CE2-4D78-8680-94D24DBFE465}"
EndProject
Project("{FAE04EC0-301F-11D3-BF4B-00C04F79EFBC}") = "Dyndle.Tools.CLI", "Dyndle.Tools.CLI\Dyndle.Tools.CLI.csproj", "{872451CC-3D6D-493F-BC0F-569079CE5CF5}"
EndProject
Global
	GlobalSection(SolutionConfigurationPlatforms) = preSolution
		Debug|Any CPU = Debug|Any CPU
		Release|Any CPU = Release|Any CPU
	EndGlobalSection
	GlobalSection(ProjectConfigurationPlatforms) = postSolution
		{2D3DF4AE-E54C-4FB9-9F2D-5489DDF771AE}.Debug|Any CPU.ActiveCfg = Debug|Any CPU
		{2D3DF4AE-E54C-4FB9-9F2D-5489DDF771AE}.Debug|Any CPU.Build.0 = Debug|Any CPU
		{2D3DF4AE-E54C-4FB9-9F2D-5489DDF771AE}.Release|Any CPU.ActiveCfg = Release|Any CPU
		{2D3DF4AE-E54C-4FB9-9F2D-5489DDF771AE}.Release|Any CPU.Build.0 = Release|Any CPU
		{CE5030ED-9CE2-4D78-8680-94D24DBFE465}.Debug|Any CPU.ActiveCfg = Debug|Any CPU
		{CE5030ED-9CE2-4D78-8680-94D24DBFE465}.Debug|Any CPU.Build.0 = Debug|Any CPU
		{CE5030ED-9CE2-4D78-8680-94D24DBFE465}.Release|Any CPU.ActiveCfg = Release|Any CPU
		{CE5030ED-9CE2-4D78-8680-94D24DBFE465}.Release|Any CPU.Build.0 = Release|Any CPU
		{872451CC-3D6D-493F-BC0F-569079CE5CF5}.Debug|Any CPU.ActiveCfg = Debug|Any CPU
		{872451CC-3D6D-493F-BC0F-569079CE5CF5}.Debug|Any CPU.Build.0 = Debug|Any CPU
		{872451CC-3D6D-493F-BC0F-569079CE5CF5}.Release|Any CPU.ActiveCfg = Release|Any CPU
		{872451CC-3D6D-493F-BC0F-569079CE5CF5}.Release|Any CPU.Build.0 = Release|Any CPU
	EndGlobalSection
	GlobalSection(SolutionProperties) = preSolution
		HideSolutionNode = FALSE
	EndGlobalSection
	GlobalSection(ExtensibilityGlobals) = postSolution
		SolutionGuid = {7907F906-9071-45C1-BF38-CF2BE0795B23}
	EndGlobalSection
EndGlobal
